
Microsoft Visual Studio Solution File, Format Version 12.00
# Visual Studio 15
VisualStudioVersion = 15.0.28307.329
MinimumVisualStudioVersion = 10.0.40219.1
Project("{FAE04EC0-301F-11D3-BF4B-00C04F79EFBC}") = "EasyIIS", "EasyIIS\EasyIIS.csproj", "{ABE44AE5-05B4-446E-BBAC-2602C41CF0AB}"
EndProject
Global
	GlobalSection(SolutionConfigurationPlatforms) = preSolution
		Debug|Any CPU = Debug|Any CPU
		Release|Any CPU = Release|Any CPU
	EndGlobalSection
	GlobalSection(ProjectConfigurationPlatforms) = postSolution
		{ABE44AE5-05B4-446E-BBAC-2602C41CF0AB}.Debug|Any CPU.ActiveCfg = Debug|Any CPU
		{ABE44AE5-05B4-446E-BBAC-2602C41CF0AB}.Debug|Any CPU.Build.0 = Debug|Any CPU
		{ABE44AE5-05B4-446E-BBAC-2602C41CF0AB}.Release|Any CPU.ActiveCfg = Release|Any CPU
		{ABE44AE5-05B4-446E-BBAC-2602C41CF0AB}.Release|Any CPU.Build.0 = Release|Any CPU
	EndGlobalSection
	GlobalSection(SolutionProperties) = preSolution
		HideSolutionNode = FALSE
	EndGlobalSection
	GlobalSection(ExtensibilityGlobals) = postSolution
		SolutionGuid = {84304AC3-DC4F-4C6F-988B-A0BC4A1385E6}
	EndGlobalSection
EndGlobal
